{
  "nodes": {
    "home-manager": {
      "inputs": {
        "nixpkgs": [
          "nixpkgs"
        ]
      },
      "locked": {
        "lastModified": 1747688870,
        "narHash": "sha256-ypL9WAZfmJr5V70jEVzqGjjQzF0uCkz+AFQF7n9NmNc=",
        "owner": "nix-community",
        "repo": "home-manager",
        "rev": "d5f1f641b289553927b3801580598d200a501863",
        "type": "github"
      },
      "original": {
        "owner": "nix-community",
        "ref": "release-24.11",
        "repo": "home-manager",
        "type": "github"
      }
    },
    "nixCats": {
      "inputs": {
        "nixCats": "nixCats_2",
        "nixpkgs": "nixpkgs"
      },
      "locked": {
        "lastModified": 1744752804,
        "narHash": "sha256-qExNGXFClEx3OblLbZ3jBSLXP9s2ZTblID4IMrflSWY=",
        "owner": "julianG-software",
        "repo": "neovim-config",
        "rev": "a3a5c994b9f14c4c9d891f508e4d0174bf06e2ed",
        "type": "github"
      },
      "original": {
        "owner": "julianG-software",
        "repo": "neovim-config",
        "type": "github"
      }
    },
    "nixCats_2": {
      "locked": {
        "lastModified": 1744136093,
        "narHash": "sha256-mdI4Y6j9ZZm1cLkvhAgUISaZK/WT9Xh0LemOUfOsBic=",
        "owner": "BirdeeHub",
        "repo": "nixCats-nvim",
        "rev": "9ea41c71e8ea5aa81d6a677bbe1c10315f90a610",
        "type": "github"
      },
      "original": {
        "owner": "BirdeeHub",
        "repo": "nixCats-nvim",
        "type": "github"
      }
    },
    "nixpkgs": {
      "locked": {
        "lastModified": 1744096231,
        "narHash": "sha256-kUfx3FKU1Etnua3EaKvpeuXs7zoFiAcli1gBwkPvGSs=",
        "owner": "nixos",
        "repo": "nixpkgs",
        "rev": "b2b0718004cc9a5bca610326de0a82e6ea75920b",
        "type": "github"
      },
      "original": {
        "owner": "nixos",
        "ref": "nixpkgs-unstable",
        "repo": "nixpkgs",
        "type": "github"
      }
    },
    "nixpkgs_2": {
      "locked": {
        "lastModified": 1751274312,
        "narHash": "sha256-/bVBlRpECLVzjV19t5KMdMFWSwKLtb5RyXdjz3LJT+g=",
        "owner": "nixos",
        "repo": "nixpkgs",
        "rev": "50ab793786d9de88ee30ec4e4c24fb4236fc2674",
        "type": "github"
      },
      "original": {
        "owner": "nixos",
        "ref": "nixos-24.11",
        "repo": "nixpkgs",
        "type": "github"
      }
    },
    "root": {
      "inputs": {
        "home-manager": "home-manager",
        "nixCats": "nixCats",
        "nixpkgs": "nixpkgs_2"
      }
    }
  },
  "root": "root",
  "version": 7
}
