{
  "nodes": {
    "home-manager": {
      "inputs": {
        "nixpkgs": [
          "nixpkgs"
        ]
      },
      "locked": {
        "lastModified": 1739757849,
        "narHash": "sha256-Gs076ot1YuAAsYVcyidLKUMIc4ooOaRGO0PqTY7sBzA=",
        "owner": "nix-community",
        "repo": "home-manager",
        "rev": "9d3d080aec2a35e05a15cedd281c2384767c2cfe",
        "type": "github"
      },
      "original": {
        "owner": "nix-community",
        "ref": "release-24.11",
        "repo": "home-manager",
        "type": "github"
      }
    },
    "nixCats": {
      "inputs": {
        "nixCats": "nixCats_2",
        "nixpkgs": "nixpkgs"
      },
      "locked": {
        "lastModified": 1744132876,
        "narHash": "sha256-pTRp0MTLiZE79K/s3JJZPMzM+JsFuAgjOP6U6zsD8Jk=",
        "owner": "julianG-software",
        "repo": "neovim-config",
        "rev": "b7c5fabd1f1d00af0158de3ae09b451ce80a1a25",
        "type": "github"
      },
      "original": {
        "owner": "julianG-software",
        "repo": "neovim-config",
        "type": "github"
      }
    },
    "nixCats_2": {
      "locked": {
        "lastModified": 1743257673,
        "narHash": "sha256-5upHHCh4n6CRRzRi132DjZo1uRltohjnYli2ITKben4=",
        "owner": "BirdeeHub",
        "repo": "nixCats-nvim",
        "rev": "44bb608e57f407b8abab30f9512f5859df3be245",
        "type": "github"
      },
      "original": {
        "owner": "BirdeeHub",
        "repo": "nixCats-nvim",
        "type": "github"
      }
    },
    "nixpkgs": {
      "locked": {
        "lastModified": 1743014863,
        "narHash": "sha256-jAIUqsiN2r3hCuHji80U7NNEafpIMBXiwKlSrjWMlpg=",
        "owner": "nixos",
        "repo": "nixpkgs",
        "rev": "bd3bac8bfb542dbde7ffffb6987a1a1f9d41699f",
        "type": "github"
      },
      "original": {
        "owner": "nixos",
        "ref": "nixpkgs-unstable",
        "repo": "nixpkgs",
        "type": "github"
      }
    },
    "nixpkgs_2": {
      "locked": {
        "lastModified": 1740932899,
        "narHash": "sha256-F0qDu2egq18M3edJwEOAE+D+VQ+yESK6YWPRQBfOqq8=",
        "owner": "nixos",
        "repo": "nixpkgs",
        "rev": "1546c45c538633ae40b93e2d14e0bb6fd8f13347",
        "type": "github"
      },
      "original": {
        "owner": "nixos",
        "ref": "nixos-24.11",
        "repo": "nixpkgs",
        "type": "github"
      }
    },
    "root": {
      "inputs": {
        "home-manager": "home-manager",
        "nixCats": "nixCats",
        "nixpkgs": "nixpkgs_2"
      }
    }
  },
  "root": "root",
  "version": 7
}
